{
  "name": "studentit-roster-summary",
  "version": "1.0.0",
  "lockfileVersion": 1,
  "dependencies": {
    "bluebird": {
      "version": "3.5.0",
      "resolved": "https://registry.npmjs.org/bluebird/-/bluebird-3.5.0.tgz",
      "integrity": "sha1-eRQg1/VR7qKJdFOop3ZT+WYG1nw=",
      "dev": true
    },
    "serverless-secrets-plugin": {
      "version": "0.0.1",
      "resolved": "https://registry.npmjs.org/serverless-secrets-plugin/-/serverless-secrets-plugin-0.0.1.tgz",
      "integrity": "sha1-cm+P210oUHCqCtecpdLJgceWePI=",
      "dev": true
    }
  }
}
